{
  "name": "cookey",
  "version": "1.0.3",
  "lockfileVersion": 2,
  "requires": true,
  "packages": {
    "": {
      "name": "cookey",
      "version": "1.0.3",
      "license": "ISC",
      "dependencies": {
        "cookey": "^1.0.3"
      }
    },
    "node_modules/cookey": {
      "version": "1.0.3",
      "resolved": "https://registry.npmjs.org/cookey/-/cookey-1.0.3.tgz",
      "integrity": "sha512-7wFO4sACFtr0LpYCJqpftwtQVW8+LjrKC4RTb/A7KNPbzJbOLtnK7ywg9R5HpjiWt2Z0FpMkDGjyivTHq7SvUw=="
    }
  },
  "dependencies": {
    "cookey": {
      "version": "1.0.3",
      "resolved": "https://registry.npmjs.org/cookey/-/cookey-1.0.3.tgz",
      "integrity": "sha512-7wFO4sACFtr0LpYCJqpftwtQVW8+LjrKC4RTb/A7KNPbzJbOLtnK7ywg9R5HpjiWt2Z0FpMkDGjyivTHq7SvUw=="
    }
  }
}
