{
  "name": "cookey",
  "version": "1.0.4",
  "lockfileVersion": 2,
  "requires": true,
  "packages": {
    "": {
      "name": "cookey",
      "version": "1.0.4",
      "license": "ISC",
      "dependencies": {
        "cookey": "^1.0.4"
      }
    },
    "node_modules/cookey": {
      "version": "1.0.4",
      "resolved": "https://registry.npmjs.org/cookey/-/cookey-1.0.4.tgz",
      "integrity": "sha512-Pc84rXLdrlAIdi2TtKmVWuWqsJtRdgxT1YuK0wZ0RYN+imyHCD7qqXQ5bOzRSOn/J2UNGrpCyyi7XmF3y19EBQ==",
      "dependencies": {
        "cookey": "^1.0.3"
      }
    }
  },
  "dependencies": {
    "cookey": {
      "version": "1.0.4",
      "resolved": "https://registry.npmjs.org/cookey/-/cookey-1.0.4.tgz",
      "integrity": "sha512-Pc84rXLdrlAIdi2TtKmVWuWqsJtRdgxT1YuK0wZ0RYN+imyHCD7qqXQ5bOzRSOn/J2UNGrpCyyi7XmF3y19EBQ==",
      "requires": {
        "cookey": "^1.0.3"
      }
    }
  }
}
